{
  "requires": true,
  "lockfileVersion": 1,
  "dependencies": {
    "@types/gapi": {
      "version": "0.0.36",
      "resolved": "https://registry.npmjs.org/@types/gapi/-/gapi-0.0.36.tgz",
      "integrity": "sha512-biMDn3eNRoPEMaPTEn5DwKXu64ng3U3cDQkePOllZ7uTRcA9lpPqwcLrDPF1cP0v+CrAtyv8w95/eVDSsQYPYQ=="
    },
    "@types/gapi.auth2": {
      "version": "0.0.50",
      "resolved": "https://registry.npmjs.org/@types/gapi.auth2/-/gapi.auth2-0.0.50.tgz",
      "integrity": "sha512-yQe75u0GZZYGg1VLnnGAK4mpb1gJrTSNPCDncEBrVpMuWQY2etBgrdPFDeR5dDn9ntZCjmuD9bMptdxCke+1bQ==",
      "requires": {
        "@types/gapi": "*"
      }
    },
    "coffee-script": {
      "version": "1.12.7",
      "resolved": "https://registry.npmjs.org/coffee-script/-/coffee-script-1.12.7.tgz",
      "integrity": "sha512-fLeEhqwymYat/MpTPUjSKHVYYl0ec2mOyALEMLmzr5i1isuG+6jfI2j2d5oBO3VIzgUXgBVIcOT9uH1TFxBckw=="
    },
    "gapi": {
      "version": "0.0.3",
      "resolved": "https://registry.npmjs.org/gapi/-/gapi-0.0.3.tgz",
      "integrity": "sha1-vCDpUhrQH0pC1p+OAGDJtLrjRPQ=",
      "requires": {
        "coffee-script": "*"
      },
    "angular": {
      "version": "1.7.8",
      "resolved": "https://registry.npmjs.org/angular/-/angular-1.7.8.tgz",
      "integrity": "sha512-wtef/y4COxM7ZVhddd7JtAAhyYObq9YXKar9tsW7558BImeVYteJiTxCKeJOL45lJ/+7B4wrAC49j8gTFYEthg=="
    },
    "typescript": {
      "version": "3.3.4000",
      "resolved": "https://registry.npmjs.org/typescript/-/typescript-3.3.4000.tgz",
      "integrity": "sha512-jjOcCZvpkl2+z7JFn0yBOoLQyLoIkNZAs/fYJkUG6VKy6zLPHJGfQJYFHzibB6GJaF/8QrcECtlQ5cpvRHSMEA=="
    }
  }
}
